[root]
name = "rustfilt"
version = "0.1.0"
dependencies = [
 "rustc-demangle 0.1.3 (registry+https://github.com/rust-lang/crates.io-index)",
]

[[package]]
name = "rustc-demangle"
version = "0.1.3"
source = "registry+https://github.com/rust-lang/crates.io-index"

[metadata]
"checksum rustc-demangle 0.1.3 (registry+https://github.com/rust-lang/crates.io-index)" = "1430d286cadb237c17c885e25447c982c97113926bb579f4379c0eca8d9586dc"
