# This file is automatically @generated by Poetry 2.1.3 and should not be changed by hand.

[[package]]
name = "boto3"
version = "1.37.38"
description = "The AWS SDK for Python"
optional = false
python-versions = ">=3.8"
groups = ["main"]
markers = "python_version < \"3.10\""
files = [
    {file = "boto3-1.37.38-py3-none-any.whl", hash = "sha256:b6d42803607148804dff82389757827a24ce9271f0583748853934c86310999f"},
    {file = "boto3-1.37.38.tar.gz", hash = "sha256:88c02910933ab7777597d1ca7c62375f52822e0aa1a8e0c51b2598a547af42b2"},
]

[package.dependencies]
botocore = ">=1.37.38,<1.38.0"
jmespath = ">=0.7.1,<2.0.0"
s3transfer = ">=0.11.0,<0.12.0"

[package.extras]
crt = ["botocore[crt] (>=1.21.0,<2.0a0)"]

[[package]]
name = "boto3"
version = "1.39.4"
description = "The AWS SDK for Python"
optional = false
python-versions = ">=3.9"
groups = ["main"]
markers = "python_version >= \"3.10\""
files = [
    {file = "boto3-1.39.4-py3-none-any.whl", hash = "sha256:f8e9534b429121aa5c5b7c685c6a94dd33edf14f87926e9a182d5b50220ba284"},
    {file = "boto3-1.39.4.tar.gz", hash = "sha256:6c955729a1d70181bc8368e02a7d3f350884290def63815ebca8408ee6d47571"},
]

[package.dependencies]
botocore = ">=1.39.4,<1.40.0"
jmespath = ">=0.7.1,<2.0.0"
s3transfer = ">=0.13.0,<0.14.0"

[package.extras]
crt = ["botocore[crt] (>=1.21.0,<2.0a0)"]

[[package]]
name = "botocore"
version = "1.37.38"
description = "Low-level, data-driven core of boto 3."
optional = false
python-versions = ">=3.8"
groups = ["main"]
markers = "python_version < \"3.10\""
files = [
    {file = "botocore-1.37.38-py3-none-any.whl", hash = "sha256:23b4097780e156a4dcaadfc1ed156ce25cb95b6087d010c4bb7f7f5d9bc9d219"},
    {file = "botocore-1.37.38.tar.gz", hash = "sha256:c3ea386177171f2259b284db6afc971c959ec103fa2115911c4368bea7cbbc5d"},
]

[package.dependencies]
jmespath = ">=0.7.1,<2.0.0"
python-dateutil = ">=2.1,<3.0.0"
urllib3 = {version = ">=1.25.4,<1.27", markers = "python_version < \"3.10\""}

[package.extras]
crt = ["awscrt (==0.23.8)"]

[[package]]
name = "botocore"
version = "1.39.4"
description = "Low-level, data-driven core of boto 3."
optional = false
python-versions = ">=3.9"
groups = ["main"]
markers = "python_version >= \"3.10\""
files = [
    {file = "botocore-1.39.4-py3-none-any.whl", hash = "sha256:c41e167ce01cfd1973c3fa9856ef5244a51ddf9c82cb131120d8617913b6812a"},
    {file = "botocore-1.39.4.tar.gz", hash = "sha256:e662ac35c681f7942a93f2ec7b4cde8f8b56dd399da47a79fa3e370338521a56"},
]

[package.dependencies]
jmespath = ">=0.7.1,<2.0.0"
python-dateutil = ">=2.1,<3.0.0"
urllib3 = {version = ">=1.25.4,<2.2.0 || >2.2.0,<3", markers = "python_version >= \"3.10\""}

[package.extras]
crt = ["awscrt (==0.23.8)"]

[[package]]
name = "jmespath"
version = "1.0.1"
description = "JSON Matching Expressions"
optional = false
python-versions = ">=3.7"
groups = ["main"]
files = [
    {file = "jmespath-1.0.1-py3-none-any.whl", hash = "sha256:02e2e4cc71b5bcab88332eebf907519190dd9e6e82107fa7f83b1003a6252980"},
    {file = "jmespath-1.0.1.tar.gz", hash = "sha256:90261b206d6defd58fdd5e85f478bf633a2901798906be2ad389150c5c60edbe"},
]

[[package]]
name = "python-dateutil"
version = "2.9.0.post0"
description = "Extensions to the standard Python datetime module"
optional = false
python-versions = "!=3.0.*,!=3.1.*,!=3.2.*,>=2.7"
groups = ["main"]
files = [
    {file = "python-dateutil-2.9.0.post0.tar.gz", hash = "sha256:37dd54208da7e1cd875388217d5e00ebd4179249f90fb72437e91a35459a0ad3"},
    {file = "python_dateutil-2.9.0.post0-py2.py3-none-any.whl", hash = "sha256:a8b2bc7bffae282281c8140a97d3aa9c14da0b136dfe83f850eea9a5f7470427"},
]

[package.dependencies]
six = ">=1.5"

[[package]]
name = "s3transfer"
version = "0.11.5"
description = "An Amazon S3 Transfer Manager"
optional = false
python-versions = ">=3.8"
groups = ["main"]
markers = "python_version < \"3.10\""
files = [
    {file = "s3transfer-0.11.5-py3-none-any.whl", hash = "sha256:757af0f2ac150d3c75bc4177a32355c3862a98d20447b69a0161812992fe0bd4"},
    {file = "s3transfer-0.11.5.tar.gz", hash = "sha256:8c8aad92784779ab8688a61aefff3e28e9ebdce43142808eaa3f0b0f402f68b7"},
]

[package.dependencies]
botocore = ">=1.37.4,<2.0a.0"

[package.extras]
crt = ["botocore[crt] (>=1.37.4,<2.0a.0)"]

[[package]]
name = "s3transfer"
version = "0.13.0"
description = "An Amazon S3 Transfer Manager"
optional = false
python-versions = ">=3.9"
groups = ["main"]
markers = "python_version >= \"3.10\""
files = [
    {file = "s3transfer-0.13.0-py3-none-any.whl", hash = "sha256:0148ef34d6dd964d0d8cf4311b2b21c474693e57c2e069ec708ce043d2b527be"},
    {file = "s3transfer-0.13.0.tar.gz", hash = "sha256:f5e6db74eb7776a37208001113ea7aa97695368242b364d73e91c981ac522177"},
]

[package.dependencies]
botocore = ">=1.37.4,<2.0a.0"

[package.extras]
crt = ["botocore[crt] (>=1.37.4,<2.0a.0)"]

[[package]]
name = "six"
version = "1.17.0"
description = "Python 2 and 3 compatibility utilities"
optional = false
python-versions = "!=3.0.*,!=3.1.*,!=3.2.*,>=2.7"
groups = ["main"]
files = [
    {file = "six-1.17.0-py2.py3-none-any.whl", hash = "sha256:4721f391ed90541fddacab5acf947aa0d3dc7d27b2e1e8eda2be8970586c3274"},
    {file = "six-1.17.0.tar.gz", hash = "sha256:ff70335d468e7eb6ec65b95b99d3a2836546063f63acc5171de367e834932a81"},
]

[[package]]
name = "urllib3"
version = "1.26.20"
description = "HTTP library with thread-safe connection pooling, file post, and more."
optional = false
python-versions = "!=3.0.*,!=3.1.*,!=3.2.*,!=3.3.*,!=3.4.*,!=3.5.*,>=2.7"
groups = ["main"]
markers = "python_version < \"3.10\""
files = [
    {file = "urllib3-1.26.20-py2.py3-none-any.whl", hash = "sha256:0ed14ccfbf1c30a9072c7ca157e4319b70d65f623e91e7b32fadb2853431016e"},
    {file = "urllib3-1.26.20.tar.gz", hash = "sha256:40c2dc0c681e47eb8f90e7e27bf6ff7df2e677421fd46756da1161c39ca70d32"},
]

[package.extras]
brotli = ["brotli (==1.0.9) ; os_name != \"nt\" and python_version < \"3\" and platform_python_implementation == \"CPython\"", "brotli (>=1.0.9) ; python_version >= \"3\" and platform_python_implementation == \"CPython\"", "brotlicffi (>=0.8.0) ; (os_name != \"nt\" or python_version >= \"3\") and platform_python_implementation != \"CPython\"", "brotlipy (>=0.6.0) ; os_name == \"nt\" and python_version < \"3\""]
secure = ["certifi", "cryptography (>=1.3.4)", "idna (>=2.0.0)", "ipaddress ; python_version == \"2.7\"", "pyOpenSSL (>=0.14)", "urllib3-secure-extra"]
socks = ["PySocks (>=1.5.6,!=1.5.7,<2.0)"]

[[package]]
name = "urllib3"
version = "2.5.0"
description = "HTTP library with thread-safe connection pooling, file post, and more."
optional = false
python-versions = ">=3.9"
groups = ["main"]
markers = "python_version >= \"3.10\""
files = [
    {file = "urllib3-2.5.0-py3-none-any.whl", hash = "sha256:e6b01673c0fa6a13e374b50871808eb3bf7046c4b125b216f6bf1cc604cff0dc"},
    {file = "urllib3-2.5.0.tar.gz", hash = "sha256:3fc47733c7e419d4bc3f6b3dc2b4f890bb743906a30d56ba4a5bfa4bbff92760"},
]

[package.extras]
brotli = ["brotli (>=1.0.9) ; platform_python_implementation == \"CPython\"", "brotlicffi (>=0.8.0) ; platform_python_implementation != \"CPython\""]
h2 = ["h2 (>=4,<5)"]
socks = ["pysocks (>=1.5.6,!=1.5.7,<2.0)"]
zstd = ["zstandard (>=0.18.0)"]

[metadata]
lock-version = "2.1"
python-versions = "^3.8"
content-hash = "4e09272df41ec57d3ddd06955da68869fe8e94f0221623fd07e71d1dea191e76"
