version = 1
revision = 3
requires-python = ">=3.10"

[[package]]
name = "boto3"
version = "1.42.67"
source = { registry = "https://pypi.org/simple" }
dependencies = [
    { name = "botocore" },
    { name = "jmespath" },
    { name = "s3transfer" },
]
sdist = { url = "https://files.pythonhosted.org/packages/29/b3/3b5c929df4e46572d2721f0cef7b9fc85fc9d68b659b46df2724ad2606f6/boto3-1.42.67.tar.gz", hash = "sha256:d4123ceb3be36c5cb7ddccc7a7c43701e1fb6af612ef46e3b5d667daf5447d4b", size = 112820, upload-time = "2026-03-12T19:43:40.444Z" }
wheels = [
    { url = "https://files.pythonhosted.org/packages/bc/d8/41d7657896de9fe3ef666221180dcbcdc9e3f418b88084aba0c9abf0bb0a/boto3-1.42.67-py3-none-any.whl", hash = "sha256:aa900216bdc48bbd0115ed7128a4baed5548c6a60673160a38df8a8566df57cd", size = 140557, upload-time = "2026-03-12T19:43:38.174Z" },
]

[[package]]
name = "botocore"
version = "1.42.67"
source = { registry = "https://pypi.org/simple" }
dependencies = [
    { name = "jmespath" },
    { name = "python-dateutil" },
    { name = "urllib3" },
]
sdist = { url = "https://files.pythonhosted.org/packages/34/6a/0326ea8a726e9061d0aff941bc89ff93a1e832f492e6b3d7419301a56c1e/botocore-1.42.67.tar.gz", hash = "sha256:ee307f30fcb798d244fb35a87847b274e1e1f72cd5f7f2e31bd1826df0c45295", size = 14983149, upload-time = "2026-03-12T19:43:27.244Z" }
wheels = [
    { url = "https://files.pythonhosted.org/packages/fd/0b/cfe18326230476a0b8e3529609190448f2b46453469b07ae95fc57f90fc6/botocore-1.42.67-py3-none-any.whl", hash = "sha256:a94317d2ce83deae230964beb2729639455de65595d0154f285b0ccfd29780cd", size = 14655819, upload-time = "2026-03-12T19:43:21.952Z" },
]

[[package]]
name = "jmespath"
version = "1.1.0"
source = { registry = "https://pypi.org/simple" }
sdist = { url = "https://files.pythonhosted.org/packages/d3/59/322338183ecda247fb5d1763a6cbe46eff7222eaeebafd9fa65d4bf5cb11/jmespath-1.1.0.tar.gz", hash = "sha256:472c87d80f36026ae83c6ddd0f1d05d4e510134ed462851fd5f754c8c3cbb88d", size = 27377, upload-time = "2026-01-22T16:35:26.279Z" }
wheels = [
    { url = "https://files.pythonhosted.org/packages/14/2f/967ba146e6d58cf6a652da73885f52fc68001525b4197effc174321d70b4/jmespath-1.1.0-py3-none-any.whl", hash = "sha256:a5663118de4908c91729bea0acadca56526eb2698e83de10cd116ae0f4e97c64", size = 20419, upload-time = "2026-01-22T16:35:24.919Z" },
]

[[package]]
name = "python-dateutil"
version = "2.9.0.post0"
source = { registry = "https://pypi.org/simple" }
dependencies = [
    { name = "six" },
]
sdist = { url = "https://files.pythonhosted.org/packages/66/c0/0c8b6ad9f17a802ee498c46e004a0eb49bc148f2fd230864601a86dcf6db/python-dateutil-2.9.0.post0.tar.gz", hash = "sha256:37dd54208da7e1cd875388217d5e00ebd4179249f90fb72437e91a35459a0ad3", size = 342432, upload-time = "2024-03-01T18:36:20.211Z" }
wheels = [
    { url = "https://files.pythonhosted.org/packages/ec/57/56b9bcc3c9c6a792fcbaf139543cee77261f3651ca9da0c93f5c1221264b/python_dateutil-2.9.0.post0-py2.py3-none-any.whl", hash = "sha256:a8b2bc7bffae282281c8140a97d3aa9c14da0b136dfe83f850eea9a5f7470427", size = 229892, upload-time = "2024-03-01T18:36:18.57Z" },
]

[[package]]
name = "s3transfer"
version = "0.16.0"
source = { registry = "https://pypi.org/simple" }
dependencies = [
    { name = "botocore" },
]
sdist = { url = "https://files.pythonhosted.org/packages/05/04/74127fc843314818edfa81b5540e26dd537353b123a4edc563109d8f17dd/s3transfer-0.16.0.tar.gz", hash = "sha256:8e990f13268025792229cd52fa10cb7163744bf56e719e0b9cb925ab79abf920", size = 153827, upload-time = "2025-12-01T02:30:59.114Z" }
wheels = [
    { url = "https://files.pythonhosted.org/packages/fc/51/727abb13f44c1fcf6d145979e1535a35794db0f6e450a0cb46aa24732fe2/s3transfer-0.16.0-py3-none-any.whl", hash = "sha256:18e25d66fed509e3868dc1572b3f427ff947dd2c56f844a5bf09481ad3f3b2fe", size = 86830, upload-time = "2025-12-01T02:30:57.729Z" },
]

[[package]]
name = "shortlink-migration"
version = "0.1.0"
source = { editable = "." }
dependencies = [
    { name = "boto3" },
]

[package.metadata]
requires-dist = [{ name = "boto3", specifier = ">=1.26.0" }]

[[package]]
name = "six"
version = "1.17.0"
source = { registry = "https://pypi.org/simple" }
sdist = { url = "https://files.pythonhosted.org/packages/94/e7/b2c673351809dca68a0e064b6af791aa332cf192da575fd474ed7d6f16a2/six-1.17.0.tar.gz", hash = "sha256:ff70335d468e7eb6ec65b95b99d3a2836546063f63acc5171de367e834932a81", size = 34031, upload-time = "2024-12-04T17:35:28.174Z" }
wheels = [
    { url = "https://files.pythonhosted.org/packages/b7/ce/149a00dd41f10bc29e5921b496af8b574d8413afcd5e30dfa0ed46c2cc5e/six-1.17.0-py2.py3-none-any.whl", hash = "sha256:4721f391ed90541fddacab5acf947aa0d3dc7d27b2e1e8eda2be8970586c3274", size = 11050, upload-time = "2024-12-04T17:35:26.475Z" },
]

[[package]]
name = "urllib3"
version = "2.7.0"
source = { registry = "https://pypi.org/simple" }
sdist = { url = "https://files.pythonhosted.org/packages/53/0c/06f8b233b8fd13b9e5ee11424ef85419ba0d8ba0b3138bf360be2ff56953/urllib3-2.7.0.tar.gz", hash = "sha256:231e0ec3b63ceb14667c67be60f2f2c40a518cb38b03af60abc813da26505f4c", size = 433602, upload-time = "2026-05-07T16:13:18.596Z" }
wheels = [
    { url = "https://files.pythonhosted.org/packages/7f/3e/5db95bcf282c52709639744ca2a8b149baccf648e39c8cc87553df9eae0c/urllib3-2.7.0-py3-none-any.whl", hash = "sha256:9fb4c81ebbb1ce9531cce37674bbc6f1360472bc18ca9a553ede278ef7276897", size = 131087, upload-time = "2026-05-07T16:13:17.151Z" },
]
